Microsoft Visual Studio Solution File, Format Version 11.00
# Visual Studio 2010
Project("{8BC9CEB8-8B4A-11D0-8D11-00A0C91BC942}") = "rtpdump", "rtpdump.vcxproj", "{FE50B62B-2F70-3A5A-797A-1AF5ABD2C230}"
EndProject
Project("{8BC9CEB8-8B4A-11D0-8D11-00A0C91BC942}") = "rtpplay", "rtpplay.vcxproj", "{9344F6E1-B795-F67B-6EE6-114445B320D0}"
	ProjectSection(ProjectDependencies) = postProject
		{FE50B62B-2F70-3A5A-797A-1AF5ABD2C230} = {FE50B62B-2F70-3A5A-797A-1AF5ABD2C230}
	EndProjectSection
EndProject
Project("{8BC9CEB8-8B4A-11D0-8D11-00A0C91BC942}") = "rtpsend", "rtpsend.vcxproj", "{46FEAD4E-EAD3-ED86-495D-B715989D79F2}"
	ProjectSection(ProjectDependencies) = postProject
		{FE50B62B-2F70-3A5A-797A-1AF5ABD2C230} = {FE50B62B-2F70-3A5A-797A-1AF5ABD2C230}
		{9344F6E1-B795-F67B-6EE6-114445B320D0} = {9344F6E1-B795-F67B-6EE6-114445B320D0}
	EndProjectSection
EndProject
Project("{8BC9CEB8-8B4A-11D0-8D11-00A0C91BC942}") = "rtptrans", "rtptrans.vcxproj", "{2132483A-1871-0E03-21D6-A951CE8D1D68}"
	ProjectSection(ProjectDependencies) = postProject
		{46FEAD4E-EAD3-ED86-495D-B715989D79F2} = {46FEAD4E-EAD3-ED86-495D-B715989D79F2}
		{FE50B62B-2F70-3A5A-797A-1AF5ABD2C230} = {FE50B62B-2F70-3A5A-797A-1AF5ABD2C230}
		{9344F6E1-B795-F67B-6EE6-114445B320D0} = {9344F6E1-B795-F67B-6EE6-114445B320D0}
	EndProjectSection
EndProject
Global
	GlobalSection(SolutionConfigurationPlatforms) = preSolution
		Debug|Win32 = Debug|Win32
		Template|Win32 = Template|Win32
	EndGlobalSection
	GlobalSection(ProjectConfigurationPlatforms) = postSolution
		{FE50B62B-2F70-3A5A-797A-1AF5ABD2C230}.Debug|Win32.ActiveCfg = Debug|Win32
		{FE50B62B-2F70-3A5A-797A-1AF5ABD2C230}.Debug|Win32.Build.0 = Debug|Win32
		{FE50B62B-2F70-3A5A-797A-1AF5ABD2C230}.Template|Win32.ActiveCfg = Template|Win32
		{FE50B62B-2F70-3A5A-797A-1AF5ABD2C230}.Template|Win32.Build.0 = Template|Win32
		{9344F6E1-B795-F67B-6EE6-114445B320D0}.Debug|Win32.ActiveCfg = Debug|Win32
		{9344F6E1-B795-F67B-6EE6-114445B320D0}.Debug|Win32.Build.0 = Debug|Win32
		{9344F6E1-B795-F67B-6EE6-114445B320D0}.Template|Win32.ActiveCfg = Template|Win32
		{9344F6E1-B795-F67B-6EE6-114445B320D0}.Template|Win32.Build.0 = Template|Win32
		{46FEAD4E-EAD3-ED86-495D-B715989D79F2}.Debug|Win32.ActiveCfg = Debug|Win32
		{46FEAD4E-EAD3-ED86-495D-B715989D79F2}.Debug|Win32.Build.0 = Debug|Win32
		{46FEAD4E-EAD3-ED86-495D-B715989D79F2}.Template|Win32.ActiveCfg = Template|Win32
		{46FEAD4E-EAD3-ED86-495D-B715989D79F2}.Template|Win32.Build.0 = Template|Win32
		{2132483A-1871-0E03-21D6-A951CE8D1D68}.Debug|Win32.ActiveCfg = Debug|Win32
		{2132483A-1871-0E03-21D6-A951CE8D1D68}.Debug|Win32.Build.0 = Debug|Win32
		{2132483A-1871-0E03-21D6-A951CE8D1D68}.Template|Win32.ActiveCfg = Template|Win32
		{2132483A-1871-0E03-21D6-A951CE8D1D68}.Template|Win32.Build.0 = Template|Win32
	EndGlobalSection
	GlobalSection(SolutionProperties) = preSolution
		HideSolutionNode = FALSE
	EndGlobalSection
EndGlobal
